
Microsoft Visual Studio Solution File, Format Version 12.00
# Visual Studio Version 17
VisualStudioVersion = 17.8.34330.188
MinimumVisualStudioVersion = 10.0.40219.1
Project("{9A19103F-16F7-4668-BE54-9A1E7A4F7556}") = "TaskManager", "TaskManager\TaskManager.csproj", "{B8E15BCC-9472-41D2-9ABB-8AFADDBC42E3}"
EndProject
Project("{FAE04EC0-301F-11D3-BF4B-00C04F79EFBC}") = "NumberListPractice", "NumberListPractice\NumberListPractice.csproj", "{D2D6D0DD-4DC0-44C2-9554-EF612B635B6F}"
EndProject
Project("{FAE04EC0-301F-11D3-BF4B-00C04F79EFBC}") = "AnimalListManager", "AnimalListManager\AnimalListManager.csproj", "{069C613F-0965-4CBD-9997-FEB4AB4E1BD8}"
EndProject
Project("{FAE04EC0-301F-11D3-BF4B-00C04F79EFBC}") = "IntergerListManager", "IntergerListManager\IntergerListManager.csproj", "{D2A2C113-E531-42E6-B879-AB60546F069F}"
EndProject
Global
	GlobalSection(SolutionConfigurationPlatforms) = preSolution
		Debug|Any CPU = Debug|Any CPU
		Release|Any CPU = Release|Any CPU
	EndGlobalSection
	GlobalSection(ProjectConfigurationPlatforms) = postSolution
		{B8E15BCC-9472-41D2-9ABB-8AFADDBC42E3}.Debug|Any CPU.ActiveCfg = Debug|Any CPU
		{B8E15BCC-9472-41D2-9ABB-8AFADDBC42E3}.Debug|Any CPU.Build.0 = Debug|Any CPU
		{B8E15BCC-9472-41D2-9ABB-8AFADDBC42E3}.Release|Any CPU.ActiveCfg = Release|Any CPU
		{B8E15BCC-9472-41D2-9ABB-8AFADDBC42E3}.Release|Any CPU.Build.0 = Release|Any CPU
		{D2D6D0DD-4DC0-44C2-9554-EF612B635B6F}.Debug|Any CPU.ActiveCfg = Debug|Any CPU
		{D2D6D0DD-4DC0-44C2-9554-EF612B635B6F}.Debug|Any CPU.Build.0 = Debug|Any CPU
		{D2D6D0DD-4DC0-44C2-9554-EF612B635B6F}.Release|Any CPU.ActiveCfg = Release|Any CPU
		{D2D6D0DD-4DC0-44C2-9554-EF612B635B6F}.Release|Any CPU.Build.0 = Release|Any CPU
		{069C613F-0965-4CBD-9997-FEB4AB4E1BD8}.Debug|Any CPU.ActiveCfg = Debug|Any CPU
		{069C613F-0965-4CBD-9997-FEB4AB4E1BD8}.Debug|Any CPU.Build.0 = Debug|Any CPU
		{069C613F-0965-4CBD-9997-FEB4AB4E1BD8}.Release|Any CPU.ActiveCfg = Release|Any CPU
		{069C613F-0965-4CBD-9997-FEB4AB4E1BD8}.Release|Any CPU.Build.0 = Release|Any CPU
		{D2A2C113-E531-42E6-B879-AB60546F069F}.Debug|Any CPU.ActiveCfg = Debug|Any CPU
		{D2A2C113-E531-42E6-B879-AB60546F069F}.Debug|Any CPU.Build.0 = Debug|Any CPU
		{D2A2C113-E531-42E6-B879-AB60546F069F}.Release|Any CPU.ActiveCfg = Release|Any CPU
		{D2A2C113-E531-42E6-B879-AB60546F069F}.Release|Any CPU.Build.0 = Release|Any CPU
	EndGlobalSection
	GlobalSection(SolutionProperties) = preSolution
		HideSolutionNode = FALSE
	EndGlobalSection
	GlobalSection(ExtensibilityGlobals) = postSolution
		SolutionGuid = {BC8B5A8B-8739-41BF-907B-68692FE67371}
	EndGlobalSection
EndGlobal
